{
  "nodes": {
    "nixiosk": {
      "inputs": {
        "nixpkgs": "nixpkgs"
      },
      "locked": {
        "lastModified": 1600313717,
        "narHash": "sha256-z7AUTrdtTW4x26+fOfBjSFKimUf73O0QB9umUEfFtN0=",
        "type": "git",
        "url": "file:///Users/mbauer/Code/nixiosk"
      },
      "original": {
        "owner": "matthewbauer",
        "repo": "nixiosk",
        "type": "github"
      }
    },
    "nixpkgs": {
      "locked": {
        "lastModified": 1598379552,
        "narHash": "sha256-wzMYN3FB3Z+FFi/ydYqmD8h7sVk47AR33/uky8fq3Ag=",
        "owner": "matthewbauer",
        "repo": "nixpkgs",
        "rev": "27961cfb2f11b5ec80f12e682448d6d653953cb1",
        "type": "github"
      },
      "original": {
        "owner": "matthewbauer",
        "ref": "kiosk6",
        "repo": "nixpkgs",
        "type": "github"
      }
    },
    "nixpkgs_2": {
      "locked": {
        "lastModified": 1598379552,
        "narHash": "sha256-wzMYN3FB3Z+FFi/ydYqmD8h7sVk47AR33/uky8fq3Ag=",
        "owner": "matthewbauer",
        "repo": "nixpkgs",
        "rev": "27961cfb2f11b5ec80f12e682448d6d653953cb1",
        "type": "github"
      },
      "original": {
        "owner": "matthewbauer",
        "ref": "kiosk6",
        "repo": "nixpkgs",
        "type": "github"
      }
    },
    "root": {
      "inputs": {
        "nixiosk": "nixiosk",
        "nixpkgs": "nixpkgs_2"
      }
    }
  },
  "root": "root",
  "version": 7
}
