{
  "nodes": {
    "nixpkgs": {
      "locked": {
        "lastModified": 1611798846,
        "narHash": "sha256-TPyXLZN+e5tiE2jyOBCIgKSTkrVyCwBoUaoltt+3AVU=",
        "owner": "matthewbauer",
        "repo": "nixpkgs",
        "rev": "c955b146a4d99b75e356da88aa0effc330e10e16",
        "type": "github"
      },
      "original": {
        "owner": "matthewbauer",
        "ref": "kiosk7",
        "repo": "nixpkgs",
        "type": "github"
      }
    },
    "nixpkgs-unstable": {
      "locked": {
        "lastModified": 1611575689,
        "narHash": "sha256-z2rNP3zdVnGxp9iV2Rbn0/LLKhk47DZQKxDkpYFLI7M=",
        "owner": "nixos",
        "repo": "nixpkgs",
        "rev": "891f607d5301d6730cb1f9dcf3618bcb1ab7f10e",
        "type": "github"
      },
      "original": {
        "owner": "nixos",
        "ref": "nixos-unstable",
        "repo": "nixpkgs",
        "type": "github"
      }
    },
    "root": {
      "inputs": {
        "nixpkgs": "nixpkgs",
        "nixpkgs-unstable": "nixpkgs-unstable"
      }
    }
  },
  "root": "root",
  "version": 7
}
