{
  "nodes": {
    "nixpkgs": {
      "locked": {
        "lastModified": 1643525452,
        "narHash": "sha256-40HOE5ZCQxD/RfvA1D/ysOQEtk+2YoGuRCkpn3udoLI=",
        "owner": "matthewbauer",
        "repo": "nixpkgs",
        "rev": "1ce86f6f346d0c55dc691df3e4f5a25940a4a9f3",
        "type": "github"
      },
      "original": {
        "owner": "matthewbauer",
        "ref": "kiosk-21.05",
        "repo": "nixpkgs",
        "type": "github"
      }
    },
    "nixpkgs-unstable": {
      "locked": {
        "lastModified": 1643347846,
        "narHash": "sha256-O0tyXF//ppRpe9yT1Uu5n34yI2MWDyY6ZiJ4Qn5zIkE=",
        "owner": "nixos",
        "repo": "nixpkgs",
        "rev": "5bb20f9dc70e9ee16e21cc404b6508654931ce41",
        "type": "github"
      },
      "original": {
        "owner": "nixos",
        "ref": "nixos-unstable",
        "repo": "nixpkgs",
        "type": "github"
      }
    },
    "root": {
      "inputs": {
        "nixpkgs": "nixpkgs",
        "nixpkgs-unstable": "nixpkgs-unstable"
      }
    }
  },
  "root": "root",
  "version": 7
}
